
Microsoft Visual Studio Solution File, Format Version 12.00
# Visual Studio Version 16
VisualStudioVersion = 16.6.30114.105
MinimumVisualStudioVersion = 10.0.40219.1
Project("{FAE04EC0-301F-11D3-BF4B-00C04F79EFBC}") = "API", "API\API.csproj", "{BA9537F0-623D-4981-A6E1-733BA497BAE9}"
EndProject
Project("{FAE04EC0-301F-11D3-BF4B-00C04F79EFBC}") = "Core", "Core\Core.csproj", "{E8A0CDAD-BC53-4A31-9BEA-9E653D55B72C}"
EndProject
Project("{FAE04EC0-301F-11D3-BF4B-00C04F79EFBC}") = "Infrastructure", "Infrastructure\Infrastructure.csproj", "{E3612CDA-348E-4664-B259-2C4B9CEFBBE9}"
EndProject
Global
	GlobalSection(SolutionConfigurationPlatforms) = preSolution
		Debug|Any CPU = Debug|Any CPU
		Debug|x64 = Debug|x64
		Debug|x86 = Debug|x86
		Release|Any CPU = Release|Any CPU
		Release|x64 = Release|x64
		Release|x86 = Release|x86
	EndGlobalSection
	GlobalSection(SolutionProperties) = preSolution
		HideSolutionNode = FALSE
	EndGlobalSection
	GlobalSection(ProjectConfigurationPlatforms) = postSolution
		{BA9537F0-623D-4981-A6E1-733BA497BAE9}.Debug|Any CPU.ActiveCfg = Debug|Any CPU
		{BA9537F0-623D-4981-A6E1-733BA497BAE9}.Debug|Any CPU.Build.0 = Debug|Any CPU
		{BA9537F0-623D-4981-A6E1-733BA497BAE9}.Debug|x64.ActiveCfg = Debug|Any CPU
		{BA9537F0-623D-4981-A6E1-733BA497BAE9}.Debug|x64.Build.0 = Debug|Any CPU
		{BA9537F0-623D-4981-A6E1-733BA497BAE9}.Debug|x86.ActiveCfg = Debug|Any CPU
		{BA9537F0-623D-4981-A6E1-733BA497BAE9}.Debug|x86.Build.0 = Debug|Any CPU
		{BA9537F0-623D-4981-A6E1-733BA497BAE9}.Release|Any CPU.ActiveCfg = Release|Any CPU
		{BA9537F0-623D-4981-A6E1-733BA497BAE9}.Release|Any CPU.Build.0 = Release|Any CPU
		{BA9537F0-623D-4981-A6E1-733BA497BAE9}.Release|x64.ActiveCfg = Release|Any CPU
		{BA9537F0-623D-4981-A6E1-733BA497BAE9}.Release|x64.Build.0 = Release|Any CPU
		{BA9537F0-623D-4981-A6E1-733BA497BAE9}.Release|x86.ActiveCfg = Release|Any CPU
		{BA9537F0-623D-4981-A6E1-733BA497BAE9}.Release|x86.Build.0 = Release|Any CPU
		{E8A0CDAD-BC53-4A31-9BEA-9E653D55B72C}.Debug|Any CPU.ActiveCfg = Debug|Any CPU
		{E8A0CDAD-BC53-4A31-9BEA-9E653D55B72C}.Debug|Any CPU.Build.0 = Debug|Any CPU
		{E8A0CDAD-BC53-4A31-9BEA-9E653D55B72C}.Debug|x64.ActiveCfg = Debug|Any CPU
		{E8A0CDAD-BC53-4A31-9BEA-9E653D55B72C}.Debug|x64.Build.0 = Debug|Any CPU
		{E8A0CDAD-BC53-4A31-9BEA-9E653D55B72C}.Debug|x86.ActiveCfg = Debug|Any CPU
		{E8A0CDAD-BC53-4A31-9BEA-9E653D55B72C}.Debug|x86.Build.0 = Debug|Any CPU
		{E8A0CDAD-BC53-4A31-9BEA-9E653D55B72C}.Release|Any CPU.ActiveCfg = Release|Any CPU
		{E8A0CDAD-BC53-4A31-9BEA-9E653D55B72C}.Release|Any CPU.Build.0 = Release|Any CPU
		{E8A0CDAD-BC53-4A31-9BEA-9E653D55B72C}.Release|x64.ActiveCfg = Release|Any CPU
		{E8A0CDAD-BC53-4A31-9BEA-9E653D55B72C}.Release|x64.Build.0 = Release|Any CPU
		{E8A0CDAD-BC53-4A31-9BEA-9E653D55B72C}.Release|x86.ActiveCfg = Release|Any CPU
		{E8A0CDAD-BC53-4A31-9BEA-9E653D55B72C}.Release|x86.Build.0 = Release|Any CPU
		{E3612CDA-348E-4664-B259-2C4B9CEFBBE9}.Debug|Any CPU.ActiveCfg = Debug|Any CPU
		{E3612CDA-348E-4664-B259-2C4B9CEFBBE9}.Debug|Any CPU.Build.0 = Debug|Any CPU
		{E3612CDA-348E-4664-B259-2C4B9CEFBBE9}.Debug|x64.ActiveCfg = Debug|Any CPU
		{E3612CDA-348E-4664-B259-2C4B9CEFBBE9}.Debug|x64.Build.0 = Debug|Any CPU
		{E3612CDA-348E-4664-B259-2C4B9CEFBBE9}.Debug|x86.ActiveCfg = Debug|Any CPU
		{E3612CDA-348E-4664-B259-2C4B9CEFBBE9}.Debug|x86.Build.0 = Debug|Any CPU
		{E3612CDA-348E-4664-B259-2C4B9CEFBBE9}.Release|Any CPU.ActiveCfg = Release|Any CPU
		{E3612CDA-348E-4664-B259-2C4B9CEFBBE9}.Release|Any CPU.Build.0 = Release|Any CPU
		{E3612CDA-348E-4664-B259-2C4B9CEFBBE9}.Release|x64.ActiveCfg = Release|Any CPU
		{E3612CDA-348E-4664-B259-2C4B9CEFBBE9}.Release|x64.Build.0 = Release|Any CPU
		{E3612CDA-348E-4664-B259-2C4B9CEFBBE9}.Release|x86.ActiveCfg = Release|Any CPU
		{E3612CDA-348E-4664-B259-2C4B9CEFBBE9}.Release|x86.Build.0 = Release|Any CPU
	EndGlobalSection
EndGlobal
